
Microsoft Visual Studio Solution File, Format Version 12.00
# Visual Studio Version 17
VisualStudioVersion = 17.2.32630.192
MinimumVisualStudioVersion = 10.0.40219.1
Project("{9A19103F-16F7-4668-BE54-9A1E7A4F7556}") = "CopaDoMundo.Api", "CopaDoMundo\CopaDoMundo.Api.csproj", "{12415458-A2C2-4FF3-859D-4CF203B37361}"
EndProject
Project("{9A19103F-16F7-4668-BE54-9A1E7A4F7556}") = "CopaDoMundo.Domain", "CopaDoMundo.Domain\CopaDoMundo.Domain.csproj", "{726198B0-E41E-415A-8516-670E90CCFD81}"
EndProject
Project("{9A19103F-16F7-4668-BE54-9A1E7A4F7556}") = "CopaDoMundo.Infra", "CopaDoMundo.Infra\CopaDoMundo.Infra.csproj", "{7F3F1DCB-9AE8-4185-9DED-FEB1D1555E88}"
EndProject
Project("{9A19103F-16F7-4668-BE54-9A1E7A4F7556}") = "CopaDoMundo.InfraCrossCuting", "CopaDoMundo.InfraCrossCuting\CopaDoMundo.InfraCrossCuting.csproj", "{D21D1925-AAB4-4A3A-AEC7-8CCEB642ED79}"
EndProject
Project("{9A19103F-16F7-4668-BE54-9A1E7A4F7556}") = "CopaDoMundo.Service", "CopaDoMundo.Service\CopaDoMundo.Service.csproj", "{11967AE3-64BD-4051-8A9B-2527BA4FC2B5}"
EndProject
Project("{2150E333-8FDC-42A3-9474-1A3956D46DE8}") = "src", "src", "{42507B6D-73E2-4071-A45A-688D644DC1E9}"
EndProject
Project("{2150E333-8FDC-42A3-9474-1A3956D46DE8}") = "tests", "tests", "{BC774C14-E5B0-4BCE-A2F1-8AE94E9B12B5}"
EndProject
Project("{FAE04EC0-301F-11D3-BF4B-00C04F79EFBC}") = "CopaDoMundo.Tests", "CopaDoMundo.Tests\CopaDoMundo.Tests.csproj", "{E007711F-6A56-4328-836A-5D8D3605E122}"
EndProject
Global
	GlobalSection(SolutionConfigurationPlatforms) = preSolution
		Debug|Any CPU = Debug|Any CPU
		Release|Any CPU = Release|Any CPU
	EndGlobalSection
	GlobalSection(ProjectConfigurationPlatforms) = postSolution
		{12415458-A2C2-4FF3-859D-4CF203B37361}.Debug|Any CPU.ActiveCfg = Debug|Any CPU
		{12415458-A2C2-4FF3-859D-4CF203B37361}.Debug|Any CPU.Build.0 = Debug|Any CPU
		{12415458-A2C2-4FF3-859D-4CF203B37361}.Release|Any CPU.ActiveCfg = Release|Any CPU
		{12415458-A2C2-4FF3-859D-4CF203B37361}.Release|Any CPU.Build.0 = Release|Any CPU
		{726198B0-E41E-415A-8516-670E90CCFD81}.Debug|Any CPU.ActiveCfg = Debug|Any CPU
		{726198B0-E41E-415A-8516-670E90CCFD81}.Debug|Any CPU.Build.0 = Debug|Any CPU
		{726198B0-E41E-415A-8516-670E90CCFD81}.Release|Any CPU.ActiveCfg = Release|Any CPU
		{726198B0-E41E-415A-8516-670E90CCFD81}.Release|Any CPU.Build.0 = Release|Any CPU
		{7F3F1DCB-9AE8-4185-9DED-FEB1D1555E88}.Debug|Any CPU.ActiveCfg = Debug|Any CPU
		{7F3F1DCB-9AE8-4185-9DED-FEB1D1555E88}.Debug|Any CPU.Build.0 = Debug|Any CPU
		{7F3F1DCB-9AE8-4185-9DED-FEB1D1555E88}.Release|Any CPU.ActiveCfg = Release|Any CPU
		{7F3F1DCB-9AE8-4185-9DED-FEB1D1555E88}.Release|Any CPU.Build.0 = Release|Any CPU
		{D21D1925-AAB4-4A3A-AEC7-8CCEB642ED79}.Debug|Any CPU.ActiveCfg = Debug|Any CPU
		{D21D1925-AAB4-4A3A-AEC7-8CCEB642ED79}.Debug|Any CPU.Build.0 = Debug|Any CPU
		{D21D1925-AAB4-4A3A-AEC7-8CCEB642ED79}.Release|Any CPU.ActiveCfg = Release|Any CPU
		{D21D1925-AAB4-4A3A-AEC7-8CCEB642ED79}.Release|Any CPU.Build.0 = Release|Any CPU
		{11967AE3-64BD-4051-8A9B-2527BA4FC2B5}.Debug|Any CPU.ActiveCfg = Debug|Any CPU
		{11967AE3-64BD-4051-8A9B-2527BA4FC2B5}.Debug|Any CPU.Build.0 = Debug|Any CPU
		{11967AE3-64BD-4051-8A9B-2527BA4FC2B5}.Release|Any CPU.ActiveCfg = Release|Any CPU
		{11967AE3-64BD-4051-8A9B-2527BA4FC2B5}.Release|Any CPU.Build.0 = Release|Any CPU
		{E007711F-6A56-4328-836A-5D8D3605E122}.Debug|Any CPU.ActiveCfg = Debug|Any CPU
		{E007711F-6A56-4328-836A-5D8D3605E122}.Debug|Any CPU.Build.0 = Debug|Any CPU
		{E007711F-6A56-4328-836A-5D8D3605E122}.Release|Any CPU.ActiveCfg = Release|Any CPU
		{E007711F-6A56-4328-836A-5D8D3605E122}.Release|Any CPU.Build.0 = Release|Any CPU
	EndGlobalSection
	GlobalSection(SolutionProperties) = preSolution
		HideSolutionNode = FALSE
	EndGlobalSection
	GlobalSection(NestedProjects) = preSolution
		{12415458-A2C2-4FF3-859D-4CF203B37361} = {42507B6D-73E2-4071-A45A-688D644DC1E9}
		{726198B0-E41E-415A-8516-670E90CCFD81} = {42507B6D-73E2-4071-A45A-688D644DC1E9}
		{7F3F1DCB-9AE8-4185-9DED-FEB1D1555E88} = {42507B6D-73E2-4071-A45A-688D644DC1E9}
		{D21D1925-AAB4-4A3A-AEC7-8CCEB642ED79} = {42507B6D-73E2-4071-A45A-688D644DC1E9}
		{11967AE3-64BD-4051-8A9B-2527BA4FC2B5} = {42507B6D-73E2-4071-A45A-688D644DC1E9}
		{E007711F-6A56-4328-836A-5D8D3605E122} = {BC774C14-E5B0-4BCE-A2F1-8AE94E9B12B5}
	EndGlobalSection
	GlobalSection(ExtensibilityGlobals) = postSolution
		SolutionGuid = {3A965C9E-6163-4872-90F5-E26E7CFAECF2}
	EndGlobalSection
EndGlobal
